
Microsoft Visual Studio Solution File, Format Version 12.00
# Visual Studio Version 16
VisualStudioVersion = 16.0.31313.79
MinimumVisualStudioVersion = 10.0.40219.1
Project("{FAE04EC0-301F-11D3-BF4B-00C04F79EFBC}") = "AbstractFactoryAndSingleton", "AbstractFactoryAndSingleton\AbstractFactoryAndSingleton.csproj", "{5844514E-6593-48DD-B23D-23188F9B4BC6}"
EndProject
Project("{FAE04EC0-301F-11D3-BF4B-00C04F79EFBC}") = "BuilderPattern", "BuilderPattern\BuilderPattern.csproj", "{7EB15AED-F72F-408F-9FE7-A905835F8DB7}"
EndProject
Project("{FAE04EC0-301F-11D3-BF4B-00C04F79EFBC}") = "Composite", "Composite\Composite.csproj", "{B58DAF50-AF49-45B9-B69B-5A00C15F6C52}"
EndProject
Project("{FAE04EC0-301F-11D3-BF4B-00C04F79EFBC}") = "Proxy", "Proxy\Proxy.csproj", "{10A76202-1454-490B-B185-4B3F0492EFD4}"
EndProject
Project("{FAE04EC0-301F-11D3-BF4B-00C04F79EFBC}") = "Interpreter", "Interpreter\Interpreter.csproj", "{72A1569C-EE6D-402D-93F0-8B61211CE8B7}"
EndProject
Project("{FAE04EC0-301F-11D3-BF4B-00C04F79EFBC}") = "Observer", "Observer\Observer.csproj", "{72840DE3-7071-49A5-BD78-1C4DD30DD9FA}"
EndProject
Global
	GlobalSection(SolutionConfigurationPlatforms) = preSolution
		Debug|Any CPU = Debug|Any CPU
		Release|Any CPU = Release|Any CPU
	EndGlobalSection
	GlobalSection(ProjectConfigurationPlatforms) = postSolution
		{5844514E-6593-48DD-B23D-23188F9B4BC6}.Debug|Any CPU.ActiveCfg = Debug|Any CPU
		{5844514E-6593-48DD-B23D-23188F9B4BC6}.Debug|Any CPU.Build.0 = Debug|Any CPU
		{5844514E-6593-48DD-B23D-23188F9B4BC6}.Release|Any CPU.ActiveCfg = Release|Any CPU
		{5844514E-6593-48DD-B23D-23188F9B4BC6}.Release|Any CPU.Build.0 = Release|Any CPU
		{7EB15AED-F72F-408F-9FE7-A905835F8DB7}.Debug|Any CPU.ActiveCfg = Debug|Any CPU
		{7EB15AED-F72F-408F-9FE7-A905835F8DB7}.Debug|Any CPU.Build.0 = Debug|Any CPU
		{7EB15AED-F72F-408F-9FE7-A905835F8DB7}.Release|Any CPU.ActiveCfg = Release|Any CPU
		{7EB15AED-F72F-408F-9FE7-A905835F8DB7}.Release|Any CPU.Build.0 = Release|Any CPU
		{B58DAF50-AF49-45B9-B69B-5A00C15F6C52}.Debug|Any CPU.ActiveCfg = Debug|Any CPU
		{B58DAF50-AF49-45B9-B69B-5A00C15F6C52}.Debug|Any CPU.Build.0 = Debug|Any CPU
		{B58DAF50-AF49-45B9-B69B-5A00C15F6C52}.Release|Any CPU.ActiveCfg = Release|Any CPU
		{B58DAF50-AF49-45B9-B69B-5A00C15F6C52}.Release|Any CPU.Build.0 = Release|Any CPU
		{10A76202-1454-490B-B185-4B3F0492EFD4}.Debug|Any CPU.ActiveCfg = Debug|Any CPU
		{10A76202-1454-490B-B185-4B3F0492EFD4}.Debug|Any CPU.Build.0 = Debug|Any CPU
		{10A76202-1454-490B-B185-4B3F0492EFD4}.Release|Any CPU.ActiveCfg = Release|Any CPU
		{10A76202-1454-490B-B185-4B3F0492EFD4}.Release|Any CPU.Build.0 = Release|Any CPU
		{72A1569C-EE6D-402D-93F0-8B61211CE8B7}.Debug|Any CPU.ActiveCfg = Debug|Any CPU
		{72A1569C-EE6D-402D-93F0-8B61211CE8B7}.Debug|Any CPU.Build.0 = Debug|Any CPU
		{72A1569C-EE6D-402D-93F0-8B61211CE8B7}.Release|Any CPU.ActiveCfg = Release|Any CPU
		{72A1569C-EE6D-402D-93F0-8B61211CE8B7}.Release|Any CPU.Build.0 = Release|Any CPU
		{72840DE3-7071-49A5-BD78-1C4DD30DD9FA}.Debug|Any CPU.ActiveCfg = Debug|Any CPU
		{72840DE3-7071-49A5-BD78-1C4DD30DD9FA}.Debug|Any CPU.Build.0 = Debug|Any CPU
		{72840DE3-7071-49A5-BD78-1C4DD30DD9FA}.Release|Any CPU.ActiveCfg = Release|Any CPU
		{72840DE3-7071-49A5-BD78-1C4DD30DD9FA}.Release|Any CPU.Build.0 = Release|Any CPU
	EndGlobalSection
	GlobalSection(SolutionProperties) = preSolution
		HideSolutionNode = FALSE
	EndGlobalSection
	GlobalSection(ExtensibilityGlobals) = postSolution
		SolutionGuid = {1E030103-A308-4CE9-9CF3-8926FFC2D0ED}
	EndGlobalSection
EndGlobal
