
Microsoft Visual Studio Solution File, Format Version 12.00
Project("{FAE04EC0-301F-11D3-BF4B-00C04F79EFBC}") = "AbstractFactoryAndSingleton", "AbstractFactoryAndSingleton\AbstractFactoryAndSingleton.csproj", "{5844514E-6593-48DD-B23D-23188F9B4BC6}"
EndProject
Project("{FAE04EC0-301F-11D3-BF4B-00C04F79EFBC}") = "BuilderPattern", "BuilderPattern\BuilderPattern.csproj", "{7EB15AED-F72F-408F-9FE7-A905835F8DB7}"
EndProject
Project("{FAE04EC0-301F-11D3-BF4B-00C04F79EFBC}") = "Composite", "Composite\Composite.csproj", "{B58DAF50-AF49-45B9-B69B-5A00C15F6C52}"
EndProject
Global
	GlobalSection(SolutionConfigurationPlatforms) = preSolution
		Debug|Any CPU = Debug|Any CPU
		Release|Any CPU = Release|Any CPU
	EndGlobalSection
	GlobalSection(ProjectConfigurationPlatforms) = postSolution
		{5844514E-6593-48DD-B23D-23188F9B4BC6}.Debug|Any CPU.ActiveCfg = Debug|Any CPU
		{5844514E-6593-48DD-B23D-23188F9B4BC6}.Debug|Any CPU.Build.0 = Debug|Any CPU
		{5844514E-6593-48DD-B23D-23188F9B4BC6}.Release|Any CPU.ActiveCfg = Release|Any CPU
		{5844514E-6593-48DD-B23D-23188F9B4BC6}.Release|Any CPU.Build.0 = Release|Any CPU
		{7EB15AED-F72F-408F-9FE7-A905835F8DB7}.Debug|Any CPU.ActiveCfg = Debug|Any CPU
		{7EB15AED-F72F-408F-9FE7-A905835F8DB7}.Debug|Any CPU.Build.0 = Debug|Any CPU
		{7EB15AED-F72F-408F-9FE7-A905835F8DB7}.Release|Any CPU.ActiveCfg = Release|Any CPU
		{7EB15AED-F72F-408F-9FE7-A905835F8DB7}.Release|Any CPU.Build.0 = Release|Any CPU
		{B58DAF50-AF49-45B9-B69B-5A00C15F6C52}.Debug|Any CPU.ActiveCfg = Debug|Any CPU
		{B58DAF50-AF49-45B9-B69B-5A00C15F6C52}.Debug|Any CPU.Build.0 = Debug|Any CPU
		{B58DAF50-AF49-45B9-B69B-5A00C15F6C52}.Release|Any CPU.ActiveCfg = Release|Any CPU
		{B58DAF50-AF49-45B9-B69B-5A00C15F6C52}.Release|Any CPU.Build.0 = Release|Any CPU
	EndGlobalSection
EndGlobal
